Microsoft Visual Studio Solution File, Format Version 12.00
# Visual Studio Version 17
VisualStudioVersion = 17.5.2.0
MinimumVisualStudioVersion = 10.0.40219.1
Project("{FAE04EC0-301F-11D3-BF4B-00C04F79EFBC}") = "CatalogApi", "CatalogApi.csproj", "{363E09AC-FB7C-64E0-199A-D1C221B7B4CD}"
EndProject
Global
	GlobalSection(SolutionConfigurationPlatforms) = preSolution
		Debug|Any CPU = Debug|Any CPU
		Release|Any CPU = Release|Any CPU
	EndGlobalSection
	GlobalSection(ProjectConfigurationPlatforms) = postSolution
		{363E09AC-FB7C-64E0-199A-D1C221B7B4CD}.Debug|Any CPU.ActiveCfg = Debug|Any CPU
		{363E09AC-FB7C-64E0-199A-D1C221B7B4CD}.Debug|Any CPU.Build.0 = Debug|Any CPU
		{363E09AC-FB7C-64E0-199A-D1C221B7B4CD}.Release|Any CPU.ActiveCfg = Release|Any CPU
		{363E09AC-FB7C-64E0-199A-D1C221B7B4CD}.Release|Any CPU.Build.0 = Release|Any CPU
	EndGlobalSection
	GlobalSection(SolutionProperties) = preSolution
		HideSolutionNode = FALSE
	EndGlobalSection
	GlobalSection(ExtensibilityGlobals) = postSolution
		SolutionGuid = {2F1CD887-C0FB-4C0F-B459-0C5C4553D830}
	EndGlobalSection
EndGlobal
